
Microsoft Visual Studio Solution File, Format Version 11.00
# Visual Studio 2010
Project("{FAE04EC0-301F-11D3-BF4B-00C04F79EFBC}") = "ProjetoVendas", "ProjetoVendas\ProjetoVendas.csproj", "{A099CFD3-87F8-465A-A4F3-F159CD67CE45}"
EndProject
Global
	GlobalSection(SolutionConfigurationPlatforms) = preSolution
		Debug|x86 = Debug|x86
		Release|x86 = Release|x86
	EndGlobalSection
	GlobalSection(ProjectConfigurationPlatforms) = postSolution
		{A099CFD3-87F8-465A-A4F3-F159CD67CE45}.Debug|x86.ActiveCfg = Debug|x86
		{A099CFD3-87F8-465A-A4F3-F159CD67CE45}.Debug|x86.Build.0 = Debug|x86
		{A099CFD3-87F8-465A-A4F3-F159CD67CE45}.Release|x86.ActiveCfg = Release|x86
		{A099CFD3-87F8-465A-A4F3-F159CD67CE45}.Release|x86.Build.0 = Release|x86
	EndGlobalSection
	GlobalSection(SolutionProperties) = preSolution
		HideSolutionNode = FALSE
	EndGlobalSection
EndGlobal
